<?xml version="1.0" encoding="utf-8"?>
<Project ToolsVersion="4.0" xmlns="http://schemas.microsoft.com/developer/msbuild/2003">
  <ItemGroup>
    <Filter Include="Source Files">
      <UniqueIdentifier>{4FC737F1-C7A5-4376-A066-2A32D752A2FF}</UniqueIdentifier>
      <Extensions>cpp;c;cc;cxx;def;odl;idl;hpj;bat;asm;asmx</Extensions>
    </Filter>
    <Filter Include="Header Files">
      <UniqueIdentifier>{93995380-89BD-4b04-88EB-625FBE52EBFB}</UniqueIdentifier>
      <Extensions>h;hh;hpp;hxx;hm;inl;inc;xsd</Extensions>
    </Filter>
    <Filter Include="Resource Files">
      <UniqueIdentifier>{67DA6AB6-F800-4c08-8B7A-83BB121AAD01}</UniqueIdentifier>
      <Extensions>rc;ico;cur;bmp;dlg;rc2;rct;bin;rgs;gif;jpg;jpeg;jpe;resx;tiff;tif;png;wav</Extensions>
    </Filter>
    <Filter Include="Others">
      <UniqueIdentifier>{d4fb57b1-f485-4355-9ac5-854ff1885b16}</UniqueIdentifier>
    </Filter>
    <Filter Include="Gitinclusivefiles">
      <UniqueIdentifier>{c2553bde-a798-4f94-83f3-b2f2433ca415}</UniqueIdentifier>
    </Filter>
  </ItemGroup>
  <ItemGroup>
    <ClCompile Include="core\scripts\mainscript\window.cpp">
      <Filter>Source Files</Filter>
    </ClCompile>
    <ClCompile Include="Core\Scripts\mainscript\objloader.cpp">
      <Filter>Source Files</Filter>
    </ClCompile>
    <ClCompile Include="Core\Scripts\mainscript\robjloader.cpp">
      <Filter>Source Files</Filter>
    </ClCompile>
    <ClCompile Include="Core\Scripts\mainscript\shaderloader.cpp">
      <Filter>Source Files</Filter>
    </ClCompile>
    <ClCompile Include="Core\Scripts\mainscript\engine.cpp">
      <Filter>Source Files</Filter>
    </ClCompile>
    <ClCompile Include="Core\Scripts\mainscript\physics.cpp">
      <Filter>Source Files</Filter>
    </ClCompile>
    <ClCompile Include="Core\Scripts\mainscript\ComputeInertiaTensor.cpp">
      <Filter>Source Files</Filter>
    </ClCompile>
    <ClCompile Include="Core\Resources\glad\src\glad.c">
      <Filter>Resource Files</Filter>
    </ClCompile>
    <ClCompile Include="Core\Scripts\mainscript\Jolt\jolt_init.cpp">
      <Filter>Source Files</Filter>
    </ClCompile>
    <ClCompile Include="Core\Scripts\mainscript\Jolt\jolt_shape_cache.cpp">
      <Filter>Source Files</Filter>
    </ClCompile>
    <ClCompile Include="Core\Scripts\mainscript\Jolt\jolt_world.cpp">
      <Filter>Source Files</Filter>
    </ClCompile>
  </ItemGroup>
  <ItemGroup>
    <ClInclude Include="core\resources\glfw\include\glfw\glfw3.h">
      <Filter>Header Files</Filter>
    </ClInclude>
    <ClInclude Include="core\resources\glfw\include\glfw\glfw3native.h">
      <Filter>Header Files</Filter>
    </ClInclude>
    <ClInclude Include="Core\Scripts\mainscript\objloader.h">
      <Filter>Header Files</Filter>
    </ClInclude>
    <ClInclude Include="Core\Scripts\mainscript\robjloader.h">
      <Filter>Header Files</Filter>
    </ClInclude>
    <ClInclude Include="Core\Scripts\mainscript\shaderloader.h">
      <Filter>Header Files</Filter>
    </ClInclude>
    <ClInclude Include="shaderloader.h">
      <Filter>Header Files</Filter>
    </ClInclude>
    <ClInclude Include="Core\Scripts\mainscript\engine.h">
      <Filter>Header Files</Filter>
    </ClInclude>
    <ClInclude Include="Core\Scripts\mainscript\engine_camera.h">
      <Filter>Header Files</Filter>
    </ClInclude>
    <ClInclude Include="Core\Scripts\mainscript\mecowa.h">
      <Filter>Others</Filter>
    </ClInclude>
    <ClInclude Include="Core\Scripts\mainscript\physicsDefine.h">
      <Filter>Header Files</Filter>
    </ClInclude>
    <ClInclude Include="Core\Scripts\mainscript\physics.h">
      <Filter>Header Files</Filter>
    </ClInclude>
    <ClInclude Include="Core\Scripts\mainscript\material_registry.h">
      <Filter>Header Files</Filter>
    </ClInclude>
    <ClInclude Include="Core\Scripts\mainscript\ComputeInertiaTensor.h">
      <Filter>Header Files</Filter>
    </ClInclude>
    <ClInclude Include="Core\Scripts\mainscript\Jolt\jolt_init.h">
      <Filter>Source Files</Filter>
    </ClInclude>
    <ClInclude Include="Core\Scripts\mainscript\Jolt\jolt_shape_cache.h">
      <Filter>Source Files</Filter>
    </ClInclude>
    <ClInclude Include="Core\Scripts\mainscript\Jolt\jolt_world.h">
      <Filter>Source Files</Filter>
    </ClInclude>
  </ItemGroup>
  <ItemGroup>
    <None Include="README.md">
      <Filter>Others</Filter>
    </None>
    <None Include="Core\Resources\fragment.glsl">
      <Filter>Resource Files</Filter>
    </None>
    <None Include="Core\Resources\vertex.glsl">
      <Filter>Resource Files</Filter>
    </None>
    <None Include=".gitattributes">
      <Filter>Others</Filter>
    </None>
    <None Include=".gitignore">
      <Filter>Others</Filter>
    </None>
    <None Include="Core\Data\floor.blend">
      <Filter>Gitinclusivefiles</Filter>
    </None>
    <None Include="Core\Resources\lighting.glsl">
      <Filter>Resource Files</Filter>
    </None>
  </ItemGroup>
</Project>